
Microsoft Visual Studio Solution File, Format Version 12.00
# Visual Studio Version 17
VisualStudioVersion = 17.0.31903.59
MinimumVisualStudioVersion = 10.0.40219.1
Project("{FAE04EC0-301F-11D3-BF4B-00C04F79EFBC}") = "WB.AppConfiguration", "src\WB.AppConfiguration.csproj", "{69E907D6-38F6-4864-AF7D-34EB49542B70}"
EndProject
Project("{2150E333-8FDC-42A3-9474-1A3956D46DE8}") = "tests", "tests", "{F9FE1FAD-5F15-4C68-98F7-AD1CA644FAC4}"
EndProject
Project("{2150E333-8FDC-42A3-9474-1A3956D46DE8}") = "ConfigurationCollectionTests", "ConfigurationCollectionTests", "{51E67AB2-EBEA-4347-8630-A811AF75A9E7}"
EndProject
Project("{FAE04EC0-301F-11D3-BF4B-00C04F79EFBC}") = "ConfigurationCollectionTests", "tests\ConfigurationCollectionTests\src\ConfigurationCollectionTests.csproj", "{06ACC2C2-ADBE-4A85-95C1-E018F16E89A8}"
EndProject
Global
	GlobalSection(SolutionConfigurationPlatforms) = preSolution
		Debug|Any CPU = Debug|Any CPU
		Release|Any CPU = Release|Any CPU
	EndGlobalSection
	GlobalSection(ProjectConfigurationPlatforms) = postSolution
		{69E907D6-38F6-4864-AF7D-34EB49542B70}.Debug|Any CPU.ActiveCfg = Debug|Any CPU
		{69E907D6-38F6-4864-AF7D-34EB49542B70}.Debug|Any CPU.Build.0 = Debug|Any CPU
		{69E907D6-38F6-4864-AF7D-34EB49542B70}.Release|Any CPU.ActiveCfg = Release|Any CPU
		{69E907D6-38F6-4864-AF7D-34EB49542B70}.Release|Any CPU.Build.0 = Release|Any CPU
		{06ACC2C2-ADBE-4A85-95C1-E018F16E89A8}.Debug|Any CPU.ActiveCfg = Debug|Any CPU
		{06ACC2C2-ADBE-4A85-95C1-E018F16E89A8}.Debug|Any CPU.Build.0 = Debug|Any CPU
		{06ACC2C2-ADBE-4A85-95C1-E018F16E89A8}.Release|Any CPU.ActiveCfg = Release|Any CPU
		{06ACC2C2-ADBE-4A85-95C1-E018F16E89A8}.Release|Any CPU.Build.0 = Release|Any CPU
	EndGlobalSection
	GlobalSection(SolutionProperties) = preSolution
		HideSolutionNode = FALSE
	EndGlobalSection
	GlobalSection(NestedProjects) = preSolution
		{51E67AB2-EBEA-4347-8630-A811AF75A9E7} = {F9FE1FAD-5F15-4C68-98F7-AD1CA644FAC4}
		{06ACC2C2-ADBE-4A85-95C1-E018F16E89A8} = {51E67AB2-EBEA-4347-8630-A811AF75A9E7}
	EndGlobalSection
EndGlobal
